
Microsoft Visual Studio Solution File, Format Version 12.00
# Visual Studio Version 16
VisualStudioVersion = 16.0.29215.179
MinimumVisualStudioVersion = 10.0.40219.1
Project("{FAE04EC0-301F-11D3-BF4B-00C04F79EFBC}") = "MuazzamMusicStore.Core", "MuazzamMusicStore.Core\MuazzamMusicStore.Core.csproj", "{0E00A1F6-95AE-4CB3-9EB4-445E51A0A6B8}"
EndProject
Project("{FAE04EC0-301F-11D3-BF4B-00C04F79EFBC}") = "MuazzamMusicStore.Model", "MuazzamMusicStore.Model\MuazzamMusicStore.Model.csproj", "{248F2350-7F8D-4E8D-A955-202BD6602D34}"
EndProject
Project("{FAE04EC0-301F-11D3-BF4B-00C04F79EFBC}") = "MuazzamMusicStore.DAL", "MuazzamMusicStore.DAL\MuazzamMusicStore.DAL.csproj", "{132AFB15-9FEF-4CAA-8514-CEE29EFCE5AE}"
EndProject
Project("{FAE04EC0-301F-11D3-BF4B-00C04F79EFBC}") = "MuazzamMusicStore.BLL", "MuazzamMusicStore.BLL\MuazzamMusicStore.BLL.csproj", "{AFAA5F55-73FF-41EF-9F68-FC8C0E374BC0}"
EndProject
Project("{FAE04EC0-301F-11D3-BF4B-00C04F79EFBC}") = "MuazzamMusicStore.UI.MVC", "MuazzamMusicStore.UI.MVC\MuazzamMusicStore.UI.MVC.csproj", "{6E68FE70-5D94-4287-A347-23DFF3D5B83B}"
EndProject
Global
	GlobalSection(SolutionConfigurationPlatforms) = preSolution
		Debug|Any CPU = Debug|Any CPU
		Release|Any CPU = Release|Any CPU
	EndGlobalSection
	GlobalSection(ProjectConfigurationPlatforms) = postSolution
		{0E00A1F6-95AE-4CB3-9EB4-445E51A0A6B8}.Debug|Any CPU.ActiveCfg = Debug|Any CPU
		{0E00A1F6-95AE-4CB3-9EB4-445E51A0A6B8}.Debug|Any CPU.Build.0 = Debug|Any CPU
		{0E00A1F6-95AE-4CB3-9EB4-445E51A0A6B8}.Release|Any CPU.ActiveCfg = Release|Any CPU
		{0E00A1F6-95AE-4CB3-9EB4-445E51A0A6B8}.Release|Any CPU.Build.0 = Release|Any CPU
		{248F2350-7F8D-4E8D-A955-202BD6602D34}.Debug|Any CPU.ActiveCfg = Debug|Any CPU
		{248F2350-7F8D-4E8D-A955-202BD6602D34}.Debug|Any CPU.Build.0 = Debug|Any CPU
		{248F2350-7F8D-4E8D-A955-202BD6602D34}.Release|Any CPU.ActiveCfg = Release|Any CPU
		{248F2350-7F8D-4E8D-A955-202BD6602D34}.Release|Any CPU.Build.0 = Release|Any CPU
		{132AFB15-9FEF-4CAA-8514-CEE29EFCE5AE}.Debug|Any CPU.ActiveCfg = Debug|Any CPU
		{132AFB15-9FEF-4CAA-8514-CEE29EFCE5AE}.Debug|Any CPU.Build.0 = Debug|Any CPU
		{132AFB15-9FEF-4CAA-8514-CEE29EFCE5AE}.Release|Any CPU.ActiveCfg = Release|Any CPU
		{132AFB15-9FEF-4CAA-8514-CEE29EFCE5AE}.Release|Any CPU.Build.0 = Release|Any CPU
		{AFAA5F55-73FF-41EF-9F68-FC8C0E374BC0}.Debug|Any CPU.ActiveCfg = Debug|Any CPU
		{AFAA5F55-73FF-41EF-9F68-FC8C0E374BC0}.Debug|Any CPU.Build.0 = Debug|Any CPU
		{AFAA5F55-73FF-41EF-9F68-FC8C0E374BC0}.Release|Any CPU.ActiveCfg = Release|Any CPU
		{AFAA5F55-73FF-41EF-9F68-FC8C0E374BC0}.Release|Any CPU.Build.0 = Release|Any CPU
		{6E68FE70-5D94-4287-A347-23DFF3D5B83B}.Debug|Any CPU.ActiveCfg = Debug|Any CPU
		{6E68FE70-5D94-4287-A347-23DFF3D5B83B}.Debug|Any CPU.Build.0 = Debug|Any CPU
		{6E68FE70-5D94-4287-A347-23DFF3D5B83B}.Release|Any CPU.ActiveCfg = Release|Any CPU
		{6E68FE70-5D94-4287-A347-23DFF3D5B83B}.Release|Any CPU.Build.0 = Release|Any CPU
	EndGlobalSection
	GlobalSection(SolutionProperties) = preSolution
		HideSolutionNode = FALSE
	EndGlobalSection
	GlobalSection(ExtensibilityGlobals) = postSolution
		SolutionGuid = {F217C0B8-CBBE-4A4F-A00B-50888AEE9D26}
	EndGlobalSection
EndGlobal
